
Microsoft Visual Studio Solution File, Format Version 12.00
# Visual Studio Version 16
VisualStudioVersion = 16.0.29920.165
MinimumVisualStudioVersion = 10.0.40219.1
Project("{FAE04EC0-301F-11D3-BF4B-00C04F79EFBC}") = "The Robot Game", "The Robot Game\The Robot Game.csproj", "{48F48E79-A52F-433D-9C30-4A2113BB8C44}"
EndProject
Project("{FAE04EC0-301F-11D3-BF4B-00C04F79EFBC}") = "The Robot GameTests", "The Robot GameTests\The Robot GameTests.csproj", "{10832103-D207-4D3F-9D74-5E06875491B6}"
EndProject
Project("{FAE04EC0-301F-11D3-BF4B-00C04F79EFBC}") = "The Robot Game WPF", "The Robot Game WPF\The Robot Game WPF.csproj", "{7E45FED6-8A4F-473C-8548-7985EA61BFAF}"
EndProject
Global
	GlobalSection(SolutionConfigurationPlatforms) = preSolution
		Debug|Any CPU = Debug|Any CPU
		Release|Any CPU = Release|Any CPU
	EndGlobalSection
	GlobalSection(ProjectConfigurationPlatforms) = postSolution
		{48F48E79-A52F-433D-9C30-4A2113BB8C44}.Debug|Any CPU.ActiveCfg = Debug|Any CPU
		{48F48E79-A52F-433D-9C30-4A2113BB8C44}.Debug|Any CPU.Build.0 = Debug|Any CPU
		{48F48E79-A52F-433D-9C30-4A2113BB8C44}.Release|Any CPU.ActiveCfg = Release|Any CPU
		{48F48E79-A52F-433D-9C30-4A2113BB8C44}.Release|Any CPU.Build.0 = Release|Any CPU
		{10832103-D207-4D3F-9D74-5E06875491B6}.Debug|Any CPU.ActiveCfg = Debug|Any CPU
		{10832103-D207-4D3F-9D74-5E06875491B6}.Debug|Any CPU.Build.0 = Debug|Any CPU
		{10832103-D207-4D3F-9D74-5E06875491B6}.Release|Any CPU.ActiveCfg = Release|Any CPU
		{10832103-D207-4D3F-9D74-5E06875491B6}.Release|Any CPU.Build.0 = Release|Any CPU
		{7E45FED6-8A4F-473C-8548-7985EA61BFAF}.Debug|Any CPU.ActiveCfg = Debug|Any CPU
		{7E45FED6-8A4F-473C-8548-7985EA61BFAF}.Debug|Any CPU.Build.0 = Debug|Any CPU
		{7E45FED6-8A4F-473C-8548-7985EA61BFAF}.Release|Any CPU.ActiveCfg = Release|Any CPU
		{7E45FED6-8A4F-473C-8548-7985EA61BFAF}.Release|Any CPU.Build.0 = Release|Any CPU
	EndGlobalSection
	GlobalSection(SolutionProperties) = preSolution
		HideSolutionNode = FALSE
	EndGlobalSection
	GlobalSection(ExtensibilityGlobals) = postSolution
		SolutionGuid = {ACDF807F-A5C8-4DB2-9292-0DF0735753B6}
	EndGlobalSection
EndGlobal
